
Microsoft Visual Studio Solution File, Format Version 12.00
# Visual Studio Version 17
VisualStudioVersion = 17.5.002.0
MinimumVisualStudioVersion = 10.0.40219.1
Project("{9A19103F-16F7-4668-BE54-9A1E7A4F7556}") = "Sapo", "Sapo\Sapo.csproj", "{BBCBDE8B-FF2B-4D3D-AEB9-639BFDFC28F3}"
EndProject
Global
	GlobalSection(SolutionConfigurationPlatforms) = preSolution
		Debug|Any CPU = Debug|Any CPU
		Release|Any CPU = Release|Any CPU
	EndGlobalSection
	GlobalSection(ProjectConfigurationPlatforms) = postSolution
		{BBCBDE8B-FF2B-4D3D-AEB9-639BFDFC28F3}.Debug|Any CPU.ActiveCfg = Debug|Any CPU
		{BBCBDE8B-FF2B-4D3D-AEB9-639BFDFC28F3}.Debug|Any CPU.Build.0 = Debug|Any CPU
		{BBCBDE8B-FF2B-4D3D-AEB9-639BFDFC28F3}.Release|Any CPU.ActiveCfg = Release|Any CPU
		{BBCBDE8B-FF2B-4D3D-AEB9-639BFDFC28F3}.Release|Any CPU.Build.0 = Release|Any CPU
	EndGlobalSection
	GlobalSection(SolutionProperties) = preSolution
		HideSolutionNode = FALSE
	EndGlobalSection
	GlobalSection(ExtensibilityGlobals) = postSolution
		SolutionGuid = {A3A35BA7-D0A6-4CE2-A011-D2A876F5DFDC}
	EndGlobalSection
EndGlobal
